
Microsoft Visual Studio Solution File, Format Version 12.00
# Visual Studio Version 17
VisualStudioVersion = 17.10.35122.118
MinimumVisualStudioVersion = 10.0.40219.1
Project("{FAE04EC0-301F-11D3-BF4B-00C04F79EFBC}") = "LAB5", "LAB5\LAB5.csproj", "{B6797705-C79E-4CC1-B873-60C1E87D7B92}"
EndProject
Global
	GlobalSection(SolutionConfigurationPlatforms) = preSolution
		Debug|Any CPU = Debug|Any CPU
		Release|Any CPU = Release|Any CPU
	EndGlobalSection
	GlobalSection(ProjectConfigurationPlatforms) = postSolution
		{B6797705-C79E-4CC1-B873-60C1E87D7B92}.Debug|Any CPU.ActiveCfg = Debug|Any CPU
		{B6797705-C79E-4CC1-B873-60C1E87D7B92}.Debug|Any CPU.Build.0 = Debug|Any CPU
		{B6797705-C79E-4CC1-B873-60C1E87D7B92}.Release|Any CPU.ActiveCfg = Release|Any CPU
		{B6797705-C79E-4CC1-B873-60C1E87D7B92}.Release|Any CPU.Build.0 = Release|Any CPU
	EndGlobalSection
	GlobalSection(SolutionProperties) = preSolution
		HideSolutionNode = FALSE
	EndGlobalSection
	GlobalSection(ExtensibilityGlobals) = postSolution
		SolutionGuid = {35F0521F-7145-4501-91AC-C6D0E52FE5AE}
	EndGlobalSection
EndGlobal
